// !$*UTF8*$!
{
	archiveVersion = 1;
	classes = {
	};
	objectVersion = 51;
	objects = {

/* Begin PBXBuildFile section */
		4D0BB055245D536B005AFB25 /* ProfileTableViewCell.swift in Sources */ = {isa = PBXBuildFile; fileRef = 4D0BB054245D536A005AFB25 /* ProfileTableViewCell.swift */; };
		4D22263E2456B03200F2D447 /* Malaria.mlmodel in Sources */ = {isa = PBXBuildFile; fileRef = 4D22263D2456B03200F2D447 /* Malaria.mlmodel */; };
		4D2226402456C6F100F2D447 /* TestUploadView.swift in Sources */ = {isa = PBXBuildFile; fileRef = 4D22263F2456C6F100F2D447 /* TestUploadView.swift */; };
		4D2226432456D08F00F2D447 /* ImageCollectionViewCell.swift in Sources */ = {isa = PBXBuildFile; fileRef = 4D2226422456D08F00F2D447 /* ImageCollectionViewCell.swift */; };
		4D65E4302449492800563128 /* AppDelegate.swift in Sources */ = {isa = PBXBuildFile; fileRef = 4D65E42F2449492800563128 /* AppDelegate.swift */; };
		4D65E4322449492800563128 /* SceneDelegate.swift in Sources */ = {isa = PBXBuildFile; fileRef = 4D65E4312449492800563128 /* SceneDelegate.swift */; };
		4D65E4342449492800563128 /* ViewController.swift in Sources */ = {isa = PBXBuildFile; fileRef = 4D65E4332449492800563128 /* ViewController.swift */; };
		4D65E4372449492800563128 /* Main.storyboard in Resources */ = {isa = PBXBuildFile; fileRef = 4D65E4352449492800563128 /* Main.storyboard */; };
		4D65E4392449492B00563128 /* Assets.xcassets in Resources */ = {isa = PBXBuildFile; fileRef = 4D65E4382449492B00563128 /* Assets.xcassets */; };
		4D65E43C2449492B00563128 /* LaunchScreen.storyboard in Resources */ = {isa = PBXBuildFile; fileRef = 4D65E43A2449492B00563128 /* LaunchScreen.storyboard */; };
		4DB0FC5C245ABF6D00231EAC /* PatientsModel.swift in Sources */ = {isa = PBXBuildFile; fileRef = 4DB0FC5B245ABF6D00231EAC /* PatientsModel.swift */; };
		4DB0FC5E245AC31200231EAC /* PatientListView.swift in Sources */ = {isa = PBXBuildFile; fileRef = 4DB0FC5D245AC31200231EAC /* PatientListView.swift */; };
		4DB0FC60245AC66B00231EAC /* patientTableViewCell.swift in Sources */ = {isa = PBXBuildFile; fileRef = 4DB0FC5F245AC66B00231EAC /* patientTableViewCell.swift */; };
		4DB0FC62245B998800231EAC /* NewPatientVC.swift in Sources */ = {isa = PBXBuildFile; fileRef = 4DB0FC61245B998800231EAC /* NewPatientVC.swift */; };
		4DB0FC64245BF7D400231EAC /* PatientProfileVC.swift in Sources */ = {isa = PBXBuildFile; fileRef = 4DB0FC63245BF7D400231EAC /* PatientProfileVC.swift */; };
		4DBFBAC3245906E600EB5026 /* MalariaModel.swift in Sources */ = {isa = PBXBuildFile; fileRef = 4DBFBAC2245906E600EB5026 /* MalariaModel.swift */; };
		4DBFBAC5245910BA00EB5026 /* MLResultView.swift in Sources */ = {isa = PBXBuildFile; fileRef = 4DBFBAC4245910BA00EB5026 /* MLResultView.swift */; };
		4DBFBAC72459217300EB5026 /* ResultTableViewCell.swift in Sources */ = {isa = PBXBuildFile; fileRef = 4DBFBAC62459217300EB5026 /* ResultTableViewCell.swift */; };
		A10518E9DAED23592C4810A3 /* Pods_MalariaDetectingApp.framework in Frameworks */ = {isa = PBXBuildFile; fileRef = 5FA218A9BFADC6CA746B9143 /* Pods_MalariaDetectingApp.framework */; };
/* End PBXBuildFile section */

/* Begin PBXFileReference section */
		4D0BB054245D536A005AFB25 /* ProfileTableViewCell.swift */ = {isa = PBXFileReference; lastKnownFileType = sourcecode.swift; path = ProfileTableViewCell.swift; sourceTree = "<group>"; };
		4D22263D2456B03200F2D447 /* Malaria.mlmodel */ = {isa = PBXFileReference; lastKnownFileType = file.mlmodel; path = Malaria.mlmodel; sourceTree = "<group>"; };
		4D22263F2456C6F100F2D447 /* TestUploadView.swift */ = {isa = PBXFileReference; lastKnownFileType = sourcecode.swift; path = TestUploadView.swift; sourceTree = "<group>"; };
		4D2226422456D08F00F2D447 /* ImageCollectionViewCell.swift */ = {isa = PBXFileReference; lastKnownFileType = sourcecode.swift; path = ImageCollectionViewCell.swift; sourceTree = "<group>"; };
		4D65E42C2449492800563128 /* MalariaDetectingApp.app */ = {isa = PBXFileReference; explicitFileType = wrapper.application; includeInIndex = 0; path = MalariaDetectingApp.app; sourceTree = BUILT_PRODUCTS_DIR; };
		4D65E42F2449492800563128 /* AppDelegate.swift */ = {isa = PBXFileReference; lastKnownFileType = sourcecode.swift; path = AppDelegate.swift; sourceTree = "<group>"; };
		4D65E4312449492800563128 /* SceneDelegate.swift */ = {isa = PBXFileReference; lastKnownFileType = sourcecode.swift; path = SceneDelegate.swift; sourceTree = "<group>"; };
		4D65E4332449492800563128 /* ViewController.swift */ = {isa = PBXFileReference; lastKnownFileType = sourcecode.swift; path = ViewController.swift; sourceTree = "<group>"; };
		4D65E4362449492800563128 /* Base */ = {isa = PBXFileReference; lastKnownFileType = file.storyboard; name = Base; path = Base.lproj/Main.storyboard; sourceTree = "<group>"; };
		4D65E4382449492B00563128 /* Assets.xcassets */ = {isa = PBXFileReference; lastKnownFileType = folder.assetcatalog; path = Assets.xcassets; sourceTree = "<group>"; };
		4D65E43B2449492B00563128 /* Base */ = {isa = PBXFileReference; lastKnownFileType = file.storyboard; name = Base; path = Base.lproj/LaunchScreen.storyboard; sourceTree = "<group>"; };
		4D65E43D2449492B00563128 /* Info.plist */ = {isa = PBXFileReference; lastKnownFileType = text.plist.xml; path = Info.plist; sourceTree = "<group>"; };
		4DB0FC5B245ABF6D00231EAC /* PatientsModel.swift */ = {isa = PBXFileReference; lastKnownFileType = sourcecode.swift; path = PatientsModel.swift; sourceTree = "<group>"; };
		4DB0FC5D245AC31200231EAC /* PatientListView.swift */ = {isa = PBXFileReference; lastKnownFileType = sourcecode.swift; path = PatientListView.swift; sourceTree = "<group>"; };
		4DB0FC5F245AC66B00231EAC /* patientTableViewCell.swift */ = {isa = PBXFileReference; lastKnownFileType = sourcecode.swift; path = patientTableViewCell.swift; sourceTree = "<group>"; };
		4DB0FC61245B998800231EAC /* NewPatientVC.swift */ = {isa = PBXFileReference; lastKnownFileType = sourcecode.swift; path = NewPatientVC.swift; sourceTree = "<group>"; };
		4DB0FC63245BF7D400231EAC /* PatientProfileVC.swift */ = {isa = PBXFileReference; lastKnownFileType = sourcecode.swift; path = PatientProfileVC.swift; sourceTree = "<group>"; };
		4DBFBAC2245906E600EB5026 /* MalariaModel.swift */ = {isa = PBXFileReference; lastKnownFileType = sourcecode.swift; path = MalariaModel.swift; sourceTree = "<group>"; };
		4DBFBAC4245910BA00EB5026 /* MLResultView.swift */ = {isa = PBXFileReference; lastKnownFileType = sourcecode.swift; path = MLResultView.swift; sourceTree = "<group>"; };
		4DBFBAC62459217300EB5026 /* ResultTableViewCell.swift */ = {isa = PBXFileReference; lastKnownFileType = sourcecode.swift; path = ResultTableViewCell.swift; sourceTree = "<group>"; };
		5FA218A9BFADC6CA746B9143 /* Pods_MalariaDetectingApp.framework */ = {isa = PBXFileReference; explicitFileType = wrapper.framework; includeInIndex = 0; path = Pods_MalariaDetectingApp.framework; sourceTree = BUILT_PRODUCTS_DIR; };
		6984BF7F3D8585CE9E51FB27 /* Pods-MalariaDetectingApp.release.xcconfig */ = {isa = PBXFileReference; includeInIndex = 1; lastKnownFileType = text.xcconfig; name = "Pods-MalariaDetectingApp.release.xcconfig"; path = "Target Support Files/Pods-MalariaDetectingApp/Pods-MalariaDetectingApp.release.xcconfig"; sourceTree = "<group>"; };
		8D601EABB0277F29150EDE97 /* Pods-MalariaDetectingApp.debug.xcconfig */ = {isa = PBXFileReference; includeInIndex = 1; lastKnownFileType = text.xcconfig; name = "Pods-MalariaDetectingApp.debug.xcconfig"; path = "Target Support Files/Pods-MalariaDetectingApp/Pods-MalariaDetectingApp.debug.xcconfig"; sourceTree = "<group>"; };
/* End PBXFileReference section */

/* Begin PBXFrameworksBuildPhase section */
		4D65E4292449492800563128 /* Frameworks */ = {
			isa = PBXFrameworksBuildPhase;
			buildActionMask = 2147483647;
			files = (
				A10518E9DAED23592C4810A3 /* Pods_MalariaDetectingApp.framework in Frameworks */,
			);
			runOnlyForDeploymentPostprocessing = 0;
		};
/* End PBXFrameworksBuildPhase section */

/* Begin PBXGroup section */
		4D65E4232449492800563128 = {
			isa = PBXGroup;
			children = (
				4D65E42E2449492800563128 /* MalariaDetectingApp */,
				4D65E42D2449492800563128 /* Products */,
				BBAA27AE72ABE682087615B5 /* Pods */,
				FD0D67A7CD9734D45E4B7F0E /* Frameworks */,
			);
			sourceTree = "<group>";
		};
		4D65E42D2449492800563128 /* Products */ = {
			isa = PBXGroup;
			children = (
				4D65E42C2449492800563128 /* MalariaDetectingApp.app */,
			);
			name = Products;
			sourceTree = "<group>";
		};
		4D65E42E2449492800563128 /* MalariaDetectingApp */ = {
			isa = PBXGroup;
			children = (
				4D65E42F2449492800563128 /* AppDelegate.swift */,
				4D65E4312449492800563128 /* SceneDelegate.swift */,
				4D65E4332449492800563128 /* ViewController.swift */,
				4D65E4352449492800563128 /* Main.storyboard */,
				4D22263D2456B03200F2D447 /* Malaria.mlmodel */,
				4D65E4382449492B00563128 /* Assets.xcassets */,
				4D65E43A2449492B00563128 /* LaunchScreen.storyboard */,
				4D65E43D2449492B00563128 /* Info.plist */,
				4D22263F2456C6F100F2D447 /* TestUploadView.swift */,
				4D2226422456D08F00F2D447 /* ImageCollectionViewCell.swift */,
				4DBFBAC2245906E600EB5026 /* MalariaModel.swift */,
				4DBFBAC4245910BA00EB5026 /* MLResultView.swift */,
				4DBFBAC62459217300EB5026 /* ResultTableViewCell.swift */,
				4DB0FC5B245ABF6D00231EAC /* PatientsModel.swift */,
				4DB0FC5D245AC31200231EAC /* PatientListView.swift */,
				4DB0FC5F245AC66B00231EAC /* patientTableViewCell.swift */,
				4DB0FC61245B998800231EAC /* NewPatientVC.swift */,
				4DB0FC63245BF7D400231EAC /* PatientProfileVC.swift */,
				4D0BB054245D536A005AFB25 /* ProfileTableViewCell.swift */,
			);
			path = MalariaDetectingApp;
			sourceTree = "<group>";
		};
		BBAA27AE72ABE682087615B5 /* Pods */ = {
			isa = PBXGroup;
			children = (
				8D601EABB0277F29150EDE97 /* Pods-MalariaDetectingApp.debug.xcconfig */,
				6984BF7F3D8585CE9E51FB27 /* Pods-MalariaDetectingApp.release.xcconfig */,
			);
			path = Pods;
			sourceTree = "<group>";
		};
		FD0D67A7CD9734D45E4B7F0E /* Frameworks */ = {
			isa = PBXGroup;
			children = (
				5FA218A9BFADC6CA746B9143 /* Pods_MalariaDetectingApp.framework */,
			);
			name = Frameworks;
			sourceTree = "<group>";
		};
/* End PBXGroup section */

/* Begin PBXNativeTarget section */
		4D65E42B2449492800563128 /* MalariaDetectingApp */ = {
			isa = PBXNativeTarget;
			buildConfigurationList = 4D65E4402449492B00563128 /* Build configuration list for PBXNativeTarget "MalariaDetectingApp" */;
			buildPhases = (
				D41F96EFF0A14BBDBE75F42B /* [CP] Check Pods Manifest.lock */,
				4D65E4282449492800563128 /* Sources */,
				4D65E4292449492800563128 /* Frameworks */,
				4D65E42A2449492800563128 /* Resources */,
				5FD8343C1E02EC5629811F35 /* [CP] Embed Pods Frameworks */,
			);
			buildRules = (
			);
			dependencies = (
			);
			name = MalariaDetectingApp;
			productName = MalariaDetectingApp;
			productReference = 4D65E42C2449492800563128 /* MalariaDetectingApp.app */;
			productType = "com.apple.product-type.application";
		};
/* End PBXNativeTarget section */

/* Begin PBXProject section */
		4D65E4242449492800563128 /* Project object */ = {
			isa = PBXProject;
			attributes = {
				LastSwiftUpdateCheck = 1130;
				LastUpgradeCheck = 1130;
				ORGANIZATIONNAME = "Mark Chanpanichravee";
				TargetAttributes = {
					4D65E42B2449492800563128 = {
						CreatedOnToolsVersion = 11.3.1;
					};
				};
			};
			buildConfigurationList = 4D65E4272449492800563128 /* Build configuration list for PBXProject "MalariaDetectingApp" */;
			compatibilityVersion = "Xcode 9.3";
			developmentRegion = en;
			hasScannedForEncodings = 0;
			knownRegions = (
				en,
				Base,
			);
			mainGroup = 4D65E4232449492800563128;
			productRefGroup = 4D65E42D2449492800563128 /* Products */;
			projectDirPath = "";
			projectRoot = "";
			targets = (
				4D65E42B2449492800563128 /* MalariaDetectingApp */,
			);
		};
/* End PBXProject section */

/* Begin PBXResourcesBuildPhase section */
		4D65E42A2449492800563128 /* Resources */ = {
			isa = PBXResourcesBuildPhase;
			buildActionMask = 2147483647;
			files = (
				4D65E43C2449492B00563128 /* LaunchScreen.storyboard in Resources */,
				4D65E4392449492B00563128 /* Assets.xcassets in Resources */,
				4D65E4372449492800563128 /* Main.storyboard in Resources */,
			);
			runOnlyForDeploymentPostprocessing = 0;
		};
/* End PBXResourcesBuildPhase section */

/* Begin PBXShellScriptBuildPhase section */
		5FD8343C1E02EC5629811F35 /* [CP] Embed Pods Frameworks */ = {
			isa = PBXShellScriptBuildPhase;
			buildActionMask = 2147483647;
			files = (
			);
			inputFileListPaths = (
				"${PODS_ROOT}/Target Support Files/Pods-MalariaDetectingApp/Pods-MalariaDetectingApp-frameworks-${CONFIGURATION}-input-files.xcfilelist",
			);
			name = "[CP] Embed Pods Frameworks";
			outputFileListPaths = (
				"${PODS_ROOT}/Target Support Files/Pods-MalariaDetectingApp/Pods-MalariaDetectingApp-frameworks-${CONFIGURATION}-output-files.xcfilelist",
			);
			runOnlyForDeploymentPostprocessing = 0;
			shellPath = /bin/sh;
			shellScript = "\"${PODS_ROOT}/Target Support Files/Pods-MalariaDetectingApp/Pods-MalariaDetectingApp-frameworks.sh\"\n";
			showEnvVarsInLog = 0;
		};
		D41F96EFF0A14BBDBE75F42B /* [CP] Check Pods Manifest.lock */ = {
			isa = PBXShellScriptBuildPhase;
			buildActionMask = 2147483647;
			files = (
			);
			inputFileListPaths = (
			);
			inputPaths = (
				"${PODS_PODFILE_DIR_PATH}/Podfile.lock",
				"${PODS_ROOT}/Manifest.lock",
			);
			name = "[CP] Check Pods Manifest.lock";
			outputFileListPaths = (
			);
			outputPaths = (
				"$(DERIVED_FILE_DIR)/Pods-MalariaDetectingApp-checkManifestLockResult.txt",
			);
			runOnlyForDeploymentPostprocessing = 0;
			shellPath = /bin/sh;
			shellScript = "diff \"${PODS_PODFILE_DIR_PATH}/Podfile.lock\" \"${PODS_ROOT}/Manifest.lock\" > /dev/null\nif [ $? != 0 ] ; then\n    # print error to STDERR\n    echo \"error: The sandbox is not in sync with the Podfile.lock. Run 'pod install' or update your CocoaPods installation.\" >&2\n    exit 1\nfi\n# This output is used by Xcode 'outputs' to avoid re-running this script phase.\necho \"SUCCESS\" > \"${SCRIPT_OUTPUT_FILE_0}\"\n";
			showEnvVarsInLog = 0;
		};
/* End PBXShellScriptBuildPhase section */

/* Begin PBXSourcesBuildPhase section */
		4D65E4282449492800563128 /* Sources */ = {
			isa = PBXSourcesBuildPhase;
			buildActionMask = 2147483647;
			files = (
				4DBFBAC5245910BA00EB5026 /* MLResultView.swift in Sources */,
				4DB0FC62245B998800231EAC /* NewPatientVC.swift in Sources */,
				4D2226432456D08F00F2D447 /* ImageCollectionViewCell.swift in Sources */,
				4D0BB055245D536B005AFB25 /* ProfileTableViewCell.swift in Sources */,
				4D2226402456C6F100F2D447 /* TestUploadView.swift in Sources */,
				4DB0FC5C245ABF6D00231EAC /* PatientsModel.swift in Sources */,
				4DB0FC5E245AC31200231EAC /* PatientListView.swift in Sources */,
				4DB0FC60245AC66B00231EAC /* patientTableViewCell.swift in Sources */,
				4D65E4342449492800563128 /* ViewController.swift in Sources */,
				4DB0FC64245BF7D400231EAC /* PatientProfileVC.swift in Sources */,
				4DBFBAC3245906E600EB5026 /* MalariaModel.swift in Sources */,
				4D65E4302449492800563128 /* AppDelegate.swift in Sources */,
				4D22263E2456B03200F2D447 /* Malaria.mlmodel in Sources */,
				4DBFBAC72459217300EB5026 /* ResultTableViewCell.swift in Sources */,
				4D65E4322449492800563128 /* SceneDelegate.swift in Sources */,
			);
			runOnlyForDeploymentPostprocessing = 0;
		};
/* End PBXSourcesBuildPhase section */

/* Begin PBXVariantGroup section */
		4D65E4352449492800563128 /* Main.storyboard */ = {
			isa = PBXVariantGroup;
			children = (
				4D65E4362449492800563128 /* Base */,
			);
			name = Main.storyboard;
			sourceTree = "<group>";
		};
		4D65E43A2449492B00563128 /* LaunchScreen.storyboard */ = {
			isa = PBXVariantGroup;
			children = (
				4D65E43B2449492B00563128 /* Base */,
			);
			name = LaunchScreen.storyboard;
			sourceTree = "<group>";
		};
/* End PBXVariantGroup section */

/* Begin XCBuildConfiguration section */
		4D65E43E2449492B00563128 /* Debug */ = {
			isa = XCBuildConfiguration;
			buildSettings = {
				ALWAYS_SEARCH_USER_PATHS = NO;
				CLANG_ANALYZER_NONNULL = YES;
				CLANG_ANALYZER_NUMBER_OBJECT_CONVERSION = YES_AGGRESSIVE;
				CLANG_CXX_LANGUAGE_STANDARD = "gnu++14";
				CLANG_CXX_LIBRARY = "libc++";
				CLANG_ENABLE_MODULES = YES;
				CLANG_ENABLE_OBJC_ARC = YES;
				CLANG_ENABLE_OBJC_WEAK = YES;
				CLANG_WARN_BLOCK_CAPTURE_AUTORELEASING = YES;
				CLANG_WARN_BOOL_CONVERSION = YES;
				CLANG_WARN_COMMA = YES;
				CLANG_WARN_CONSTANT_CONVERSION = YES;
				CLANG_WARN_DEPRECATED_OBJC_IMPLEMENTATIONS = YES;
				CLANG_WARN_DIRECT_OBJC_ISA_USAGE = YES_ERROR;
				CLANG_WARN_DOCUMENTATION_COMMENTS = YES;
				CLANG_WARN_EMPTY_BODY = YES;
				CLANG_WARN_ENUM_CONVERSION = YES;
				CLANG_WARN_INFINITE_RECURSION = YES;
				CLANG_WARN_INT_CONVERSION = YES;
				CLANG_WARN_NON_LITERAL_NULL_CONVERSION = YES;
				CLANG_WARN_OBJC_IMPLICIT_RETAIN_SELF = YES;
				CLANG_WARN_OBJC_LITERAL_CONVERSION = YES;
				CLANG_WARN_OBJC_ROOT_CLASS = YES_ERROR;
				CLANG_WARN_RANGE_LOOP_ANALYSIS = YES;
				CLANG_WARN_STRICT_PROTOTYPES = YES;
				CLANG_WARN_SUSPICIOUS_MOVE = YES;
				CLANG_WARN_UNGUARDED_AVAILABILITY = YES_AGGRESSIVE;
				CLANG_WARN_UNREACHABLE_CODE = YES;
				CLANG_WARN__DUPLICATE_METHOD_MATCH = YES;
				COPY_PHASE_STRIP = NO;
				DEBUG_INFORMATION_FORMAT = dwarf;
				ENABLE_STRICT_OBJC_MSGSEND = YES;
				ENABLE_TESTABILITY = YES;
				GCC_C_LANGUAGE_STANDARD = gnu11;
				GCC_DYNAMIC_NO_PIC = NO;
				GCC_NO_COMMON_BLOCKS = YES;
				GCC_OPTIMIZATION_LEVEL = 0;
				GCC_PREPROCESSOR_DEFINITIONS = (
					"DEBUG=1",
					"$(inherited)",
				);
				GCC_WARN_64_TO_32_BIT_CONVERSION = YES;
				GCC_WARN_ABOUT_RETURN_TYPE = YES_ERROR;
				GCC_WARN_UNDECLARED_SELECTOR = YES;
				GCC_WARN_UNINITIALIZED_AUTOS = YES_AGGRESSIVE;
				GCC_WARN_UNUSED_FUNCTION = YES;
				GCC_WARN_UNUSED_VARIABLE = YES;
				IPHONEOS_DEPLOYMENT_TARGET = 13.2;
				MTL_ENABLE_DEBUG_INFO = INCLUDE_SOURCE;
				MTL_FAST_MATH = YES;
				ONLY_ACTIVE_ARCH = YES;
				SDKROOT = iphoneos;
				SWIFT_ACTIVE_COMPILATION_CONDITIONS = DEBUG;
				SWIFT_OPTIMIZATION_LEVEL = "-Onone";
			};
			name = Debug;
		};
		4D65E43F2449492B00563128 /* Release */ = {
			isa = XCBuildConfiguration;
			buildSettings = {
				ALWAYS_SEARCH_USER_PATHS = NO;
				CLANG_ANALYZER_NONNULL = YES;
				CLANG_ANALYZER_NUMBER_OBJECT_CONVERSION = YES_AGGRESSIVE;
				CLANG_CXX_LANGUAGE_STANDARD = "gnu++14";
				CLANG_CXX_LIBRARY = "libc++";
				CLANG_ENABLE_MODULES = YES;
				CLANG_ENABLE_OBJC_ARC = YES;
				CLANG_ENABLE_OBJC_WEAK = YES;
				CLANG_WARN_BLOCK_CAPTURE_AUTORELEASING = YES;
				CLANG_WARN_BOOL_CONVERSION = YES;
				CLANG_WARN_COMMA = YES;
				CLANG_WARN_CONSTANT_CONVERSION = YES;
				CLANG_WARN_DEPRECATED_OBJC_IMPLEMENTATIONS = YES;
				CLANG_WARN_DIRECT_OBJC_ISA_USAGE = YES_ERROR;
				CLANG_WARN_DOCUMENTATION_COMMENTS = YES;
				CLANG_WARN_EMPTY_BODY = YES;
				CLANG_WARN_ENUM_CONVERSION = YES;
				CLANG_WARN_INFINITE_RECURSION = YES;
				CLANG_WARN_INT_CONVERSION = YES;
				CLANG_WARN_NON_LITERAL_NULL_CONVERSION = YES;
				CLANG_WARN_OBJC_IMPLICIT_RETAIN_SELF = YES;
				CLANG_WARN_OBJC_LITERAL_CONVERSION = YES;
				CLANG_WARN_OBJC_ROOT_CLASS = YES_ERROR;
				CLANG_WARN_RANGE_LOOP_ANALYSIS = YES;
				CLANG_WARN_STRICT_PROTOTYPES = YES;
				CLANG_WARN_SUSPICIOUS_MOVE = YES;
				CLANG_WARN_UNGUARDED_AVAILABILITY = YES_AGGRESSIVE;
				CLANG_WARN_UNREACHABLE_CODE = YES;
				CLANG_WARN__DUPLICATE_METHOD_MATCH = YES;
				COPY_PHASE_STRIP = NO;
				DEBUG_INFORMATION_FORMAT = "dwarf-with-dsym";
				ENABLE_NS_ASSERTIONS = NO;
				ENABLE_STRICT_OBJC_MSGSEND = YES;
				GCC_C_LANGUAGE_STANDARD = gnu11;
				GCC_NO_COMMON_BLOCKS = YES;
				GCC_WARN_64_TO_32_BIT_CONVERSION = YES;
				GCC_WARN_ABOUT_RETURN_TYPE = YES_ERROR;
				GCC_WARN_UNDECLARED_SELECTOR = YES;
				GCC_WARN_UNINITIALIZED_AUTOS = YES_AGGRESSIVE;
				GCC_WARN_UNUSED_FUNCTION = YES;
				GCC_WARN_UNUSED_VARIABLE = YES;
				IPHONEOS_DEPLOYMENT_TARGET = 13.2;
				MTL_ENABLE_DEBUG_INFO = NO;
				MTL_FAST_MATH = YES;
				SDKROOT = iphoneos;
				SWIFT_COMPILATION_MODE = wholemodule;
				SWIFT_OPTIMIZATION_LEVEL = "-O";
				VALIDATE_PRODUCT = YES;
			};
			name = Release;
		};
		4D65E4412449492B00563128 /* Debug */ = {
			isa = XCBuildConfiguration;
			baseConfigurationReference = 8D601EABB0277F29150EDE97 /* Pods-MalariaDetectingApp.debug.xcconfig */;
			buildSettings = {
				ASSETCATALOG_COMPILER_APPICON_NAME = AppIcon;
				CODE_SIGN_STYLE = Automatic;
				INFOPLIST_FILE = MalariaDetectingApp/Info.plist;
				LD_RUNPATH_SEARCH_PATHS = (
					"$(inherited)",
					"@executable_path/Frameworks",
				);
				PRODUCT_BUNDLE_IDENTIFIER = edu.berkeley.iosdev.Experiment.MalariaDetectingApp;
				PRODUCT_NAME = "$(TARGET_NAME)";
				SWIFT_VERSION = 5.0;
				TARGETED_DEVICE_FAMILY = "1,2";
			};
			name = Debug;
		};
		4D65E4422449492B00563128 /* Release */ = {
			isa = XCBuildConfiguration;
			baseConfigurationReference = 6984BF7F3D8585CE9E51FB27 /* Pods-MalariaDetectingApp.release.xcconfig */;
			buildSettings = {
				ASSETCATALOG_COMPILER_APPICON_NAME = AppIcon;
				CODE_SIGN_STYLE = Automatic;
				INFOPLIST_FILE = MalariaDetectingApp/Info.plist;
				LD_RUNPATH_SEARCH_PATHS = (
					"$(inherited)",
					"@executable_path/Frameworks",
				);
				PRODUCT_BUNDLE_IDENTIFIER = edu.berkeley.iosdev.Experiment.MalariaDetectingApp;
				PRODUCT_NAME = "$(TARGET_NAME)";
				SWIFT_VERSION = 5.0;
				TARGETED_DEVICE_FAMILY = "1,2";
			};
			name = Release;
		};
/* End XCBuildConfiguration section */

/* Begin XCConfigurationList section */
		4D65E4272449492800563128 /* Build configuration list for PBXProject "MalariaDetectingApp" */ = {
			isa = XCConfigurationList;
			buildConfigurations = (
				4D65E43E2449492B00563128 /* Debug */,
				4D65E43F2449492B00563128 /* Release */,
			);
			defaultConfigurationIsVisible = 0;
			defaultConfigurationName = Release;
		};
		4D65E4402449492B00563128 /* Build configuration list for PBXNativeTarget "MalariaDetectingApp" */ = {
			isa = XCConfigurationList;
			buildConfigurations = (
				4D65E4412449492B00563128 /* Debug */,
				4D65E4422449492B00563128 /* Release */,
			);
			defaultConfigurationIsVisible = 0;
			defaultConfigurationName = Release;
		};
/* End XCConfigurationList section */
	};
	rootObject = 4D65E4242449492800563128 /* Project object */;
}
